schema: '2.0'
stages:
  pipeline:
    cmd: "python main.py --data_config config/data.yaml --database_config config/db.yaml
      --feature_config config/features.yaml --ml_config config/ml.yaml --search_space
      config/search_spaces.yaml\n"
    deps:
    - path: config/data.yaml
      hash: md5
      md5: 02fc609d1c18b926c87447ecc0b11b6d
      size: 15
    - path: config/db.yaml
      hash: md5
      md5: 72838f9a0355011400660be6373ac3f1
      size: 40
    - path: config/features.yaml
      hash: md5
      md5: 13cc40b33f5106b523699139a7832423
      size: 193
    - path: config/ml.yaml
      hash: md5
      md5: ead5e917477e36ee3e3b7a7a967e1605
      size: 215
    - path: config/search_spaces.yaml
      hash: md5
      md5: b0bec63485f2fd3d39cf8777de2efed4
      size: 603
    - path: main.py
      hash: md5
      md5: f2c8a6a9d2c2cd9757149d1bc919df9b
      size: 8378
    - path: pipelines/data_builder.py
      hash: md5
      md5: 6c888c7550c1062ed80516fd629e4871
      size: 1519
    - path: pipelines/evaluation_pipeline.py
      hash: md5
      md5: 97dd3a42489ed3a6c127ed6d7e437af2
      size: 2290
    - path: pipelines/features_builder.py
      hash: md5
      md5: 1110b453bcdf0cdad2ad50f1c92ae162
      size: 3367
    - path: pipelines/prediction_builder.py
      hash: md5
      md5: c5fe1ee2be2e746f87559474ac0c55e0
      size: 2040
    - path: pipelines/train_pipeline.py
      hash: md5
      md5: e34a0dacc85bdf0e880077eee5bae9fc
      size: 2665
    outs:
    - path: artifacts/features.parquet
      hash: md5
      md5: 4532d3af6d980a3d0aae8076c7f48944
      size: 74738200
    - path: artifacts/predictions.parquet
      hash: md5
      md5: e3b1c5cbc3e44ebd035771b703097f35
      size: 43594
    - path: artifacts/shap_summary.png
      hash: md5
      md5: b454dfcd24f82c78c1e598f888006d1c
      size: 133979
    - path: artifacts/shap_values.parquet
      hash: md5
      md5: c6c6c3473e57d03c0ba31469a092deb3
      size: 3052840
    - path: artifacts/test_dataset.parquet
      hash: md5
      md5: 998e73089ca4ca70882c0ffe34aaddd1
      size: 2585316
    - path: artifacts/train_dataset.parquet
      hash: md5
      md5: 726da664932ffce04a2b97c613a5f597
      size: 73736260
