schema: '2.0'
stages:
  pipeline:
    cmd: "python main.py --data_config config/data.yaml --database_config config/db.yaml
      --feature_config config/features.yaml --ml_config config/ml.yaml --search_space
      config/search_spaces.yaml\n"
    deps:
    - path: config/data.yaml
      hash: md5
      md5: 02fc609d1c18b926c87447ecc0b11b6d
      size: 15
    - path: config/db.yaml
      hash: md5
      md5: 72838f9a0355011400660be6373ac3f1
      size: 40
    - path: config/features.yaml
      hash: md5
      md5: 08ce9dfad514b339dd82d68fbeaa1be7
      size: 181
    - path: config/ml.yaml
      hash: md5
      md5: 61e04a1d437f06caeaa1da64b1d18765
      size: 195
    - path: config/search_spaces.yaml
      hash: md5
      md5: b0bec63485f2fd3d39cf8777de2efed4
      size: 603
    - path: main.py
      hash: md5
      md5: 9f0a61757a9d2b3c141045a597c52ef4
      size: 8190
    - path: pipelines/data_builder.py
      hash: md5
      md5: 6c888c7550c1062ed80516fd629e4871
      size: 1519
    - path: pipelines/evaluation_pipeline.py
      hash: md5
      md5: c510fae9e46d9144231a3d37378d899a
      size: 1803
    - path: pipelines/features_builder.py
      hash: md5
      md5: 1110b453bcdf0cdad2ad50f1c92ae162
      size: 3367
    - path: pipelines/prediction_builder.py
      hash: md5
      md5: 5798755a56874acd1f6cdba8fe83a8ac
      size: 878
    - path: pipelines/train_pipeline.py
      hash: md5
      md5: e34a0dacc85bdf0e880077eee5bae9fc
      size: 2665
    outs:
    - path: artifacts/features.parquet
      hash: md5
      md5: aa78c4ac170282b4c164c1daf8ebf74f
      size: 72705190
    - path: artifacts/predictions.parquet
      hash: md5
      md5: 4a4fe3270bc6281f04f2b218ad72b6dc
      size: 42928
    - path: artifacts/shap_summary.png
      hash: md5
      md5: 25d6dca494b3fbf7599a980c1a70d15b
      size: 128773
    - path: artifacts/shap_values.parquet
      hash: md5
      md5: 1a8bf4c624e7837ce948c3b673255d65
      size: 2768235
    - path: artifacts/test_dataset.parquet
      hash: md5
      md5: efea15fe1416523b96b768fe6b91cc1a
      size: 2871198
    - path: artifacts/train_dataset.parquet
      hash: md5
      md5: 70e1649a0ca127122d8e4ecb64502989
      size: 71686092
