schema: '2.0'
stages:
  pipeline:
    cmd: "python main.py --data_config config/data.yaml --database_config config/db.yaml
      --feature_config config/features.yaml --ml_config config/ml.yaml --search_space
      config/search_spaces.yaml\n"
    deps:
    - path: config/data.yaml
      hash: md5
      md5: 02fc609d1c18b926c87447ecc0b11b6d
      size: 15
    - path: config/db.yaml
      hash: md5
      md5: 72838f9a0355011400660be6373ac3f1
      size: 40
    - path: config/features.yaml
      hash: md5
      md5: 08ce9dfad514b339dd82d68fbeaa1be7
      size: 181
    - path: config/ml.yaml
      hash: md5
      md5: 62b59cb9b705ccf1af08174f12ab4833
      size: 195
    - path: config/search_spaces.yaml
      hash: md5
      md5: b0bec63485f2fd3d39cf8777de2efed4
      size: 603
    - path: main.py
      hash: md5
      md5: 9f0a61757a9d2b3c141045a597c52ef4
      size: 8190
    - path: pipelines/data_builder.py
      hash: md5
      md5: 6c888c7550c1062ed80516fd629e4871
      size: 1519
    - path: pipelines/evaluation_pipeline.py
      hash: md5
      md5: c510fae9e46d9144231a3d37378d899a
      size: 1803
    - path: pipelines/features_builder.py
      hash: md5
      md5: 1110b453bcdf0cdad2ad50f1c92ae162
      size: 3367
    - path: pipelines/prediction_builder.py
      hash: md5
      md5: 5798755a56874acd1f6cdba8fe83a8ac
      size: 878
    - path: pipelines/train_pipeline.py
      hash: md5
      md5: e34a0dacc85bdf0e880077eee5bae9fc
      size: 2665
    outs:
    - path: artifacts/features.parquet
      hash: md5
      md5: d124853874320653f2de42f0a1c9045b
      size: 72699031
    - path: artifacts/predictions.parquet
      hash: md5
      md5: 991264d3d3f2a951621bdef1b5f4a15a
      size: 42929
    - path: artifacts/shap_summary.png
      hash: md5
      md5: 187a9957496dcb2f897c08307733e4fb
      size: 132399
    - path: artifacts/shap_values.parquet
      hash: md5
      md5: 1b218d4df3fc559fc1cb9e4bc3bb336f
      size: 3602040
    - path: artifacts/test_dataset.parquet
      hash: md5
      md5: 2e5b41b0b64f3bca653af7e9c6fa84a4
      size: 2871410
    - path: artifacts/train_dataset.parquet
      hash: md5
      md5: 0afee046bffd915a34082ab80263a438
      size: 71685436
